
Microsoft Visual Studio Solution File, Format Version 11.00
# Visual Studio 2010
# SharpDevelop 4.4
Project("{FAE04EC0-301F-11D3-BF4B-00C04F79EFBC}") = "Final", "Final\Final.csproj", "{21E4B537-2146-497C-8787-626F5B5BAC37}"
EndProject
Global
	GlobalSection(SolutionConfigurationPlatforms) = preSolution
		Debug|Any CPU = Debug|Any CPU
		Release|Any CPU = Release|Any CPU
	EndGlobalSection
	GlobalSection(ProjectConfigurationPlatforms) = postSolution
		{21E4B537-2146-497C-8787-626F5B5BAC37}.Debug|Any CPU.Build.0 = Debug|Any CPU
		{21E4B537-2146-497C-8787-626F5B5BAC37}.Debug|Any CPU.ActiveCfg = Debug|Any CPU
		{21E4B537-2146-497C-8787-626F5B5BAC37}.Release|Any CPU.Build.0 = Release|Any CPU
		{21E4B537-2146-497C-8787-626F5B5BAC37}.Release|Any CPU.ActiveCfg = Release|Any CPU
	EndGlobalSection
EndGlobal
